
Microsoft Visual Studio Solution File, Format Version 12.00
# Visual Studio Version 16
VisualStudioVersion = 16.0.29709.97
MinimumVisualStudioVersion = 10.0.40219.1
Project("{9A19103F-16F7-4668-BE54-9A1E7A4F7556}") = "ExtremeParkour", "ExtremeParkour\ExtremeParkour\ExtremeParkour.csproj", "{F3B894B6-4AD4-489D-92E9-3E1359A7F210}"
EndProject
Project("{FAE04EC0-301F-11D3-BF4B-00C04F79EFBC}") = "ExtremeParkour.Android", "ExtremeParkour\ExtremeParkour.Android\ExtremeParkour.Android.csproj", "{0111457B-3D75-4FDB-8233-6E8D6EC5FF0D}"
EndProject
Project("{FAE04EC0-301F-11D3-BF4B-00C04F79EFBC}") = "ExtremeParkour.iOS", "ExtremeParkour\ExtremeParkour.iOS\ExtremeParkour.iOS.csproj", "{99C260A2-B9BD-4714-BD2A-A49B896B7D6E}"
EndProject
Project("{FAE04EC0-301F-11D3-BF4B-00C04F79EFBC}") = "ExtremeParkour.UWP", "ExtremeParkour\ExtremeParkour.UWP\ExtremeParkour.UWP.csproj", "{198AB506-D1D4-4FF7-B732-6772A408C866}"
EndProject
Project("{FAE04EC0-301F-11D3-BF4B-00C04F79EFBC}") = "ExtremeParkourAPI", "ExtremeParkourAPI\ExtremeParkourAPI.csproj", "{6F14138B-F5E3-4D8A-B258-9EB631288A13}"
EndProject
Global
	GlobalSection(SolutionConfigurationPlatforms) = preSolution
		Ad-Hoc|Any CPU = Ad-Hoc|Any CPU
		Ad-Hoc|ARM = Ad-Hoc|ARM
		Ad-Hoc|iPhone = Ad-Hoc|iPhone
		Ad-Hoc|iPhoneSimulator = Ad-Hoc|iPhoneSimulator
		Ad-Hoc|x64 = Ad-Hoc|x64
		Ad-Hoc|x86 = Ad-Hoc|x86
		AppStore|Any CPU = AppStore|Any CPU
		AppStore|ARM = AppStore|ARM
		AppStore|iPhone = AppStore|iPhone
		AppStore|iPhoneSimulator = AppStore|iPhoneSimulator
		AppStore|x64 = AppStore|x64
		AppStore|x86 = AppStore|x86
		Debug|Any CPU = Debug|Any CPU
		Debug|ARM = Debug|ARM
		Debug|iPhone = Debug|iPhone
		Debug|iPhoneSimulator = Debug|iPhoneSimulator
		Debug|x64 = Debug|x64
		Debug|x86 = Debug|x86
		Release|Any CPU = Release|Any CPU
		Release|ARM = Release|ARM
		Release|iPhone = Release|iPhone
		Release|iPhoneSimulator = Release|iPhoneSimulator
		Release|x64 = Release|x64
		Release|x86 = Release|x86
	EndGlobalSection
	GlobalSection(ProjectConfigurationPlatforms) = postSolution
		{F3B894B6-4AD4-489D-92E9-3E1359A7F210}.Ad-Hoc|Any CPU.ActiveCfg = Debug|Any CPU
		{F3B894B6-4AD4-489D-92E9-3E1359A7F210}.Ad-Hoc|Any CPU.Build.0 = Debug|Any CPU
		{F3B894B6-4AD4-489D-92E9-3E1359A7F210}.Ad-Hoc|ARM.ActiveCfg = Debug|Any CPU
		{F3B894B6-4AD4-489D-92E9-3E1359A7F210}.Ad-Hoc|ARM.Build.0 = Debug|Any CPU
		{F3B894B6-4AD4-489D-92E9-3E1359A7F210}.Ad-Hoc|iPhone.ActiveCfg = Debug|Any CPU
		{F3B894B6-4AD4-489D-92E9-3E1359A7F210}.Ad-Hoc|iPhone.Build.0 = Debug|Any CPU
		{F3B894B6-4AD4-489D-92E9-3E1359A7F210}.Ad-Hoc|iPhoneSimulator.ActiveCfg = Debug|Any CPU
		{F3B894B6-4AD4-489D-92E9-3E1359A7F210}.Ad-Hoc|iPhoneSimulator.Build.0 = Debug|Any CPU
		{F3B894B6-4AD4-489D-92E9-3E1359A7F210}.Ad-Hoc|x64.ActiveCfg = Debug|Any CPU
		{F3B894B6-4AD4-489D-92E9-3E1359A7F210}.Ad-Hoc|x64.Build.0 = Debug|Any CPU
		{F3B894B6-4AD4-489D-92E9-3E1359A7F210}.Ad-Hoc|x86.ActiveCfg = Debug|Any CPU
		{F3B894B6-4AD4-489D-92E9-3E1359A7F210}.Ad-Hoc|x86.Build.0 = Debug|Any CPU
		{F3B894B6-4AD4-489D-92E9-3E1359A7F210}.AppStore|Any CPU.ActiveCfg = Debug|Any CPU
		{F3B894B6-4AD4-489D-92E9-3E1359A7F210}.AppStore|Any CPU.Build.0 = Debug|Any CPU
		{F3B894B6-4AD4-489D-92E9-3E1359A7F210}.AppStore|ARM.ActiveCfg = Debug|Any CPU
		{F3B894B6-4AD4-489D-92E9-3E1359A7F210}.AppStore|ARM.Build.0 = Debug|Any CPU
		{F3B894B6-4AD4-489D-92E9-3E1359A7F210}.AppStore|iPhone.ActiveCfg = Debug|Any CPU
		{F3B894B6-4AD4-489D-92E9-3E1359A7F210}.AppStore|iPhone.Build.0 = Debug|Any CPU
		{F3B894B6-4AD4-489D-92E9-3E1359A7F210}.AppStore|iPhoneSimulator.ActiveCfg = Debug|Any CPU
		{F3B894B6-4AD4-489D-92E9-3E1359A7F210}.AppStore|iPhoneSimulator.Build.0 = Debug|Any CPU
		{F3B894B6-4AD4-489D-92E9-3E1359A7F210}.AppStore|x64.ActiveCfg = Debug|Any CPU
		{F3B894B6-4AD4-489D-92E9-3E1359A7F210}.AppStore|x64.Build.0 = Debug|Any CPU
		{F3B894B6-4AD4-489D-92E9-3E1359A7F210}.AppStore|x86.ActiveCfg = Debug|Any CPU
		{F3B894B6-4AD4-489D-92E9-3E1359A7F210}.AppStore|x86.Build.0 = Debug|Any CPU
		{F3B894B6-4AD4-489D-92E9-3E1359A7F210}.Debug|Any CPU.ActiveCfg = Debug|Any CPU
		{F3B894B6-4AD4-489D-92E9-3E1359A7F210}.Debug|Any CPU.Build.0 = Debug|Any CPU
		{F3B894B6-4AD4-489D-92E9-3E1359A7F210}.Debug|ARM.ActiveCfg = Debug|Any CPU
		{F3B894B6-4AD4-489D-92E9-3E1359A7F210}.Debug|ARM.Build.0 = Debug|Any CPU
		{F3B894B6-4AD4-489D-92E9-3E1359A7F210}.Debug|iPhone.ActiveCfg = Debug|Any CPU
		{F3B894B6-4AD4-489D-92E9-3E1359A7F210}.Debug|iPhone.Build.0 = Debug|Any CPU
		{F3B894B6-4AD4-489D-92E9-3E1359A7F210}.Debug|iPhoneSimulator.ActiveCfg = Debug|Any CPU
		{F3B894B6-4AD4-489D-92E9-3E1359A7F210}.Debug|iPhoneSimulator.Build.0 = Debug|Any CPU
		{F3B894B6-4AD4-489D-92E9-3E1359A7F210}.Debug|x64.ActiveCfg = Debug|Any CPU
		{F3B894B6-4AD4-489D-92E9-3E1359A7F210}.Debug|x64.Build.0 = Debug|Any CPU
		{F3B894B6-4AD4-489D-92E9-3E1359A7F210}.Debug|x86.ActiveCfg = Debug|Any CPU
		{F3B894B6-4AD4-489D-92E9-3E1359A7F210}.Debug|x86.Build.0 = Debug|Any CPU
		{F3B894B6-4AD4-489D-92E9-3E1359A7F210}.Release|Any CPU.ActiveCfg = Release|Any CPU
		{F3B894B6-4AD4-489D-92E9-3E1359A7F210}.Release|Any CPU.Build.0 = Release|Any CPU
		{F3B894B6-4AD4-489D-92E9-3E1359A7F210}.Release|ARM.ActiveCfg = Release|Any CPU
		{F3B894B6-4AD4-489D-92E9-3E1359A7F210}.Release|ARM.Build.0 = Release|Any CPU
		{F3B894B6-4AD4-489D-92E9-3E1359A7F210}.Release|iPhone.ActiveCfg = Release|Any CPU
		{F3B894B6-4AD4-489D-92E9-3E1359A7F210}.Release|iPhone.Build.0 = Release|Any CPU
		{F3B894B6-4AD4-489D-92E9-3E1359A7F210}.Release|iPhoneSimulator.ActiveCfg = Release|Any CPU
		{F3B894B6-4AD4-489D-92E9-3E1359A7F210}.Release|iPhoneSimulator.Build.0 = Release|Any CPU
		{F3B894B6-4AD4-489D-92E9-3E1359A7F210}.Release|x64.ActiveCfg = Release|Any CPU
		{F3B894B6-4AD4-489D-92E9-3E1359A7F210}.Release|x64.Build.0 = Release|Any CPU
		{F3B894B6-4AD4-489D-92E9-3E1359A7F210}.Release|x86.ActiveCfg = Release|Any CPU
		{F3B894B6-4AD4-489D-92E9-3E1359A7F210}.Release|x86.Build.0 = Release|Any CPU
		{0111457B-3D75-4FDB-8233-6E8D6EC5FF0D}.Ad-Hoc|Any CPU.ActiveCfg = Release|Any CPU
		{0111457B-3D75-4FDB-8233-6E8D6EC5FF0D}.Ad-Hoc|Any CPU.Build.0 = Release|Any CPU
		{0111457B-3D75-4FDB-8233-6E8D6EC5FF0D}.Ad-Hoc|Any CPU.Deploy.0 = Release|Any CPU
		{0111457B-3D75-4FDB-8233-6E8D6EC5FF0D}.Ad-Hoc|ARM.ActiveCfg = Release|Any CPU
		{0111457B-3D75-4FDB-8233-6E8D6EC5FF0D}.Ad-Hoc|ARM.Build.0 = Release|Any CPU
		{0111457B-3D75-4FDB-8233-6E8D6EC5FF0D}.Ad-Hoc|ARM.Deploy.0 = Release|Any CPU
		{0111457B-3D75-4FDB-8233-6E8D6EC5FF0D}.Ad-Hoc|iPhone.ActiveCfg = Release|Any CPU
		{0111457B-3D75-4FDB-8233-6E8D6EC5FF0D}.Ad-Hoc|iPhone.Build.0 = Release|Any CPU
		{0111457B-3D75-4FDB-8233-6E8D6EC5FF0D}.Ad-Hoc|iPhone.Deploy.0 = Release|Any CPU
		{0111457B-3D75-4FDB-8233-6E8D6EC5FF0D}.Ad-Hoc|iPhoneSimulator.ActiveCfg = Release|Any CPU
		{0111457B-3D75-4FDB-8233-6E8D6EC5FF0D}.Ad-Hoc|iPhoneSimulator.Build.0 = Release|Any CPU
		{0111457B-3D75-4FDB-8233-6E8D6EC5FF0D}.Ad-Hoc|iPhoneSimulator.Deploy.0 = Release|Any CPU
		{0111457B-3D75-4FDB-8233-6E8D6EC5FF0D}.Ad-Hoc|x64.ActiveCfg = Release|Any CPU
		{0111457B-3D75-4FDB-8233-6E8D6EC5FF0D}.Ad-Hoc|x64.Build.0 = Release|Any CPU
		{0111457B-3D75-4FDB-8233-6E8D6EC5FF0D}.Ad-Hoc|x64.Deploy.0 = Release|Any CPU
		{0111457B-3D75-4FDB-8233-6E8D6EC5FF0D}.Ad-Hoc|x86.ActiveCfg = Release|Any CPU
		{0111457B-3D75-4FDB-8233-6E8D6EC5FF0D}.Ad-Hoc|x86.Build.0 = Release|Any CPU
		{0111457B-3D75-4FDB-8233-6E8D6EC5FF0D}.Ad-Hoc|x86.Deploy.0 = Release|Any CPU
		{0111457B-3D75-4FDB-8233-6E8D6EC5FF0D}.AppStore|Any CPU.ActiveCfg = Release|Any CPU
		{0111457B-3D75-4FDB-8233-6E8D6EC5FF0D}.AppStore|Any CPU.Build.0 = Release|Any CPU
		{0111457B-3D75-4FDB-8233-6E8D6EC5FF0D}.AppStore|Any CPU.Deploy.0 = Release|Any CPU
		{0111457B-3D75-4FDB-8233-6E8D6EC5FF0D}.AppStore|ARM.ActiveCfg = Release|Any CPU
		{0111457B-3D75-4FDB-8233-6E8D6EC5FF0D}.AppStore|ARM.Build.0 = Release|Any CPU
		{0111457B-3D75-4FDB-8233-6E8D6EC5FF0D}.AppStore|ARM.Deploy.0 = Release|Any CPU
		{0111457B-3D75-4FDB-8233-6E8D6EC5FF0D}.AppStore|iPhone.ActiveCfg = Release|Any CPU
		{0111457B-3D75-4FDB-8233-6E8D6EC5FF0D}.AppStore|iPhone.Build.0 = Release|Any CPU
		{0111457B-3D75-4FDB-8233-6E8D6EC5FF0D}.AppStore|iPhone.Deploy.0 = Release|Any CPU
		{0111457B-3D75-4FDB-8233-6E8D6EC5FF0D}.AppStore|iPhoneSimulator.ActiveCfg = Release|Any CPU
		{0111457B-3D75-4FDB-8233-6E8D6EC5FF0D}.AppStore|iPhoneSimulator.Build.0 = Release|Any CPU
		{0111457B-3D75-4FDB-8233-6E8D6EC5FF0D}.AppStore|iPhoneSimulator.Deploy.0 = Release|Any CPU
		{0111457B-3D75-4FDB-8233-6E8D6EC5FF0D}.AppStore|x64.ActiveCfg = Release|Any CPU
		{0111457B-3D75-4FDB-8233-6E8D6EC5FF0D}.AppStore|x64.Build.0 = Release|Any CPU
		{0111457B-3D75-4FDB-8233-6E8D6EC5FF0D}.AppStore|x64.Deploy.0 = Release|Any CPU
		{0111457B-3D75-4FDB-8233-6E8D6EC5FF0D}.AppStore|x86.ActiveCfg = Release|Any CPU
		{0111457B-3D75-4FDB-8233-6E8D6EC5FF0D}.AppStore|x86.Build.0 = Release|Any CPU
		{0111457B-3D75-4FDB-8233-6E8D6EC5FF0D}.AppStore|x86.Deploy.0 = Release|Any CPU
		{0111457B-3D75-4FDB-8233-6E8D6EC5FF0D}.Debug|Any CPU.ActiveCfg = Debug|Any CPU
		{0111457B-3D75-4FDB-8233-6E8D6EC5FF0D}.Debug|Any CPU.Build.0 = Debug|Any CPU
		{0111457B-3D75-4FDB-8233-6E8D6EC5FF0D}.Debug|Any CPU.Deploy.0 = Debug|Any CPU
		{0111457B-3D75-4FDB-8233-6E8D6EC5FF0D}.Debug|ARM.ActiveCfg = Debug|Any CPU
		{0111457B-3D75-4FDB-8233-6E8D6EC5FF0D}.Debug|ARM.Build.0 = Debug|Any CPU
		{0111457B-3D75-4FDB-8233-6E8D6EC5FF0D}.Debug|ARM.Deploy.0 = Debug|Any CPU
		{0111457B-3D75-4FDB-8233-6E8D6EC5FF0D}.Debug|iPhone.ActiveCfg = Debug|Any CPU
		{0111457B-3D75-4FDB-8233-6E8D6EC5FF0D}.Debug|iPhone.Build.0 = Debug|Any CPU
		{0111457B-3D75-4FDB-8233-6E8D6EC5FF0D}.Debug|iPhone.Deploy.0 = Debug|Any CPU
		{0111457B-3D75-4FDB-8233-6E8D6EC5FF0D}.Debug|iPhoneSimulator.ActiveCfg = Debug|Any CPU
		{0111457B-3D75-4FDB-8233-6E8D6EC5FF0D}.Debug|iPhoneSimulator.Build.0 = Debug|Any CPU
		{0111457B-3D75-4FDB-8233-6E8D6EC5FF0D}.Debug|iPhoneSimulator.Deploy.0 = Debug|Any CPU
		{0111457B-3D75-4FDB-8233-6E8D6EC5FF0D}.Debug|x64.ActiveCfg = Debug|Any CPU
		{0111457B-3D75-4FDB-8233-6E8D6EC5FF0D}.Debug|x64.Build.0 = Debug|Any CPU
		{0111457B-3D75-4FDB-8233-6E8D6EC5FF0D}.Debug|x64.Deploy.0 = Debug|Any CPU
		{0111457B-3D75-4FDB-8233-6E8D6EC5FF0D}.Debug|x86.ActiveCfg = Debug|Any CPU
		{0111457B-3D75-4FDB-8233-6E8D6EC5FF0D}.Debug|x86.Build.0 = Debug|Any CPU
		{0111457B-3D75-4FDB-8233-6E8D6EC5FF0D}.Debug|x86.Deploy.0 = Debug|Any CPU
		{0111457B-3D75-4FDB-8233-6E8D6EC5FF0D}.Release|Any CPU.ActiveCfg = Release|Any CPU
		{0111457B-3D75-4FDB-8233-6E8D6EC5FF0D}.Release|Any CPU.Build.0 = Release|Any CPU
		{0111457B-3D75-4FDB-8233-6E8D6EC5FF0D}.Release|Any CPU.Deploy.0 = Release|Any CPU
		{0111457B-3D75-4FDB-8233-6E8D6EC5FF0D}.Release|ARM.ActiveCfg = Release|Any CPU
		{0111457B-3D75-4FDB-8233-6E8D6EC5FF0D}.Release|ARM.Build.0 = Release|Any CPU
		{0111457B-3D75-4FDB-8233-6E8D6EC5FF0D}.Release|ARM.Deploy.0 = Release|Any CPU
		{0111457B-3D75-4FDB-8233-6E8D6EC5FF0D}.Release|iPhone.ActiveCfg = Release|Any CPU
		{0111457B-3D75-4FDB-8233-6E8D6EC5FF0D}.Release|iPhone.Build.0 = Release|Any CPU
		{0111457B-3D75-4FDB-8233-6E8D6EC5FF0D}.Release|iPhone.Deploy.0 = Release|Any CPU
		{0111457B-3D75-4FDB-8233-6E8D6EC5FF0D}.Release|iPhoneSimulator.ActiveCfg = Release|Any CPU
		{0111457B-3D75-4FDB-8233-6E8D6EC5FF0D}.Release|iPhoneSimulator.Build.0 = Release|Any CPU
		{0111457B-3D75-4FDB-8233-6E8D6EC5FF0D}.Release|iPhoneSimulator.Deploy.0 = Release|Any CPU
		{0111457B-3D75-4FDB-8233-6E8D6EC5FF0D}.Release|x64.ActiveCfg = Release|Any CPU
		{0111457B-3D75-4FDB-8233-6E8D6EC5FF0D}.Release|x64.Build.0 = Release|Any CPU
		{0111457B-3D75-4FDB-8233-6E8D6EC5FF0D}.Release|x64.Deploy.0 = Release|Any CPU
		{0111457B-3D75-4FDB-8233-6E8D6EC5FF0D}.Release|x86.ActiveCfg = Release|Any CPU
		{0111457B-3D75-4FDB-8233-6E8D6EC5FF0D}.Release|x86.Build.0 = Release|Any CPU
		{0111457B-3D75-4FDB-8233-6E8D6EC5FF0D}.Release|x86.Deploy.0 = Release|Any CPU
		{99C260A2-B9BD-4714-BD2A-A49B896B7D6E}.Ad-Hoc|Any CPU.ActiveCfg = Ad-Hoc|iPhone
		{99C260A2-B9BD-4714-BD2A-A49B896B7D6E}.Ad-Hoc|ARM.ActiveCfg = Ad-Hoc|iPhone
		{99C260A2-B9BD-4714-BD2A-A49B896B7D6E}.Ad-Hoc|iPhone.ActiveCfg = Ad-Hoc|iPhone
		{99C260A2-B9BD-4714-BD2A-A49B896B7D6E}.Ad-Hoc|iPhone.Build.0 = Ad-Hoc|iPhone
		{99C260A2-B9BD-4714-BD2A-A49B896B7D6E}.Ad-Hoc|iPhoneSimulator.ActiveCfg = Ad-Hoc|iPhoneSimulator
		{99C260A2-B9BD-4714-BD2A-A49B896B7D6E}.Ad-Hoc|iPhoneSimulator.Build.0 = Ad-Hoc|iPhoneSimulator
		{99C260A2-B9BD-4714-BD2A-A49B896B7D6E}.Ad-Hoc|x64.ActiveCfg = Ad-Hoc|iPhone
		{99C260A2-B9BD-4714-BD2A-A49B896B7D6E}.Ad-Hoc|x86.ActiveCfg = Ad-Hoc|iPhone
		{99C260A2-B9BD-4714-BD2A-A49B896B7D6E}.AppStore|Any CPU.ActiveCfg = AppStore|iPhone
		{99C260A2-B9BD-4714-BD2A-A49B896B7D6E}.AppStore|ARM.ActiveCfg = AppStore|iPhone
		{99C260A2-B9BD-4714-BD2A-A49B896B7D6E}.AppStore|iPhone.ActiveCfg = AppStore|iPhone
		{99C260A2-B9BD-4714-BD2A-A49B896B7D6E}.AppStore|iPhone.Build.0 = AppStore|iPhone
		{99C260A2-B9BD-4714-BD2A-A49B896B7D6E}.AppStore|iPhoneSimulator.ActiveCfg = AppStore|iPhoneSimulator
		{99C260A2-B9BD-4714-BD2A-A49B896B7D6E}.AppStore|iPhoneSimulator.Build.0 = AppStore|iPhoneSimulator
		{99C260A2-B9BD-4714-BD2A-A49B896B7D6E}.AppStore|x64.ActiveCfg = AppStore|iPhone
		{99C260A2-B9BD-4714-BD2A-A49B896B7D6E}.AppStore|x86.ActiveCfg = AppStore|iPhone
		{99C260A2-B9BD-4714-BD2A-A49B896B7D6E}.Debug|Any CPU.ActiveCfg = Debug|iPhone
		{99C260A2-B9BD-4714-BD2A-A49B896B7D6E}.Debug|ARM.ActiveCfg = Debug|iPhone
		{99C260A2-B9BD-4714-BD2A-A49B896B7D6E}.Debug|iPhone.ActiveCfg = Debug|iPhone
		{99C260A2-B9BD-4714-BD2A-A49B896B7D6E}.Debug|iPhone.Build.0 = Debug|iPhone
		{99C260A2-B9BD-4714-BD2A-A49B896B7D6E}.Debug|iPhoneSimulator.ActiveCfg = Debug|iPhoneSimulator
		{99C260A2-B9BD-4714-BD2A-A49B896B7D6E}.Debug|iPhoneSimulator.Build.0 = Debug|iPhoneSimulator
		{99C260A2-B9BD-4714-BD2A-A49B896B7D6E}.Debug|x64.ActiveCfg = Debug|iPhone
		{99C260A2-B9BD-4714-BD2A-A49B896B7D6E}.Debug|x86.ActiveCfg = Debug|iPhone
		{99C260A2-B9BD-4714-BD2A-A49B896B7D6E}.Release|Any CPU.ActiveCfg = Release|iPhone
		{99C260A2-B9BD-4714-BD2A-A49B896B7D6E}.Release|ARM.ActiveCfg = Release|iPhone
		{99C260A2-B9BD-4714-BD2A-A49B896B7D6E}.Release|iPhone.ActiveCfg = Release|iPhone
		{99C260A2-B9BD-4714-BD2A-A49B896B7D6E}.Release|iPhone.Build.0 = Release|iPhone
		{99C260A2-B9BD-4714-BD2A-A49B896B7D6E}.Release|iPhoneSimulator.ActiveCfg = Release|iPhoneSimulator
		{99C260A2-B9BD-4714-BD2A-A49B896B7D6E}.Release|iPhoneSimulator.Build.0 = Release|iPhoneSimulator
		{99C260A2-B9BD-4714-BD2A-A49B896B7D6E}.Release|x64.ActiveCfg = Release|iPhone
		{99C260A2-B9BD-4714-BD2A-A49B896B7D6E}.Release|x86.ActiveCfg = Release|iPhone
		{198AB506-D1D4-4FF7-B732-6772A408C866}.Ad-Hoc|Any CPU.ActiveCfg = Release|x86
		{198AB506-D1D4-4FF7-B732-6772A408C866}.Ad-Hoc|Any CPU.Build.0 = Release|x86
		{198AB506-D1D4-4FF7-B732-6772A408C866}.Ad-Hoc|Any CPU.Deploy.0 = Release|x86
		{198AB506-D1D4-4FF7-B732-6772A408C866}.Ad-Hoc|ARM.ActiveCfg = Release|ARM
		{198AB506-D1D4-4FF7-B732-6772A408C866}.Ad-Hoc|ARM.Build.0 = Release|ARM
		{198AB506-D1D4-4FF7-B732-6772A408C866}.Ad-Hoc|ARM.Deploy.0 = Release|ARM
		{198AB506-D1D4-4FF7-B732-6772A408C866}.Ad-Hoc|iPhone.ActiveCfg = Release|x86
		{198AB506-D1D4-4FF7-B732-6772A408C866}.Ad-Hoc|iPhone.Build.0 = Release|x86
		{198AB506-D1D4-4FF7-B732-6772A408C866}.Ad-Hoc|iPhone.Deploy.0 = Release|x86
		{198AB506-D1D4-4FF7-B732-6772A408C866}.Ad-Hoc|iPhoneSimulator.ActiveCfg = Release|x86
		{198AB506-D1D4-4FF7-B732-6772A408C866}.Ad-Hoc|iPhoneSimulator.Build.0 = Release|x86
		{198AB506-D1D4-4FF7-B732-6772A408C866}.Ad-Hoc|iPhoneSimulator.Deploy.0 = Release|x86
		{198AB506-D1D4-4FF7-B732-6772A408C866}.Ad-Hoc|x64.ActiveCfg = Release|x64
		{198AB506-D1D4-4FF7-B732-6772A408C866}.Ad-Hoc|x64.Build.0 = Release|x64
		{198AB506-D1D4-4FF7-B732-6772A408C866}.Ad-Hoc|x64.Deploy.0 = Release|x64
		{198AB506-D1D4-4FF7-B732-6772A408C866}.Ad-Hoc|x86.ActiveCfg = Release|x86
		{198AB506-D1D4-4FF7-B732-6772A408C866}.Ad-Hoc|x86.Build.0 = Release|x86
		{198AB506-D1D4-4FF7-B732-6772A408C866}.Ad-Hoc|x86.Deploy.0 = Release|x86
		{198AB506-D1D4-4FF7-B732-6772A408C866}.AppStore|Any CPU.ActiveCfg = Release|x86
		{198AB506-D1D4-4FF7-B732-6772A408C866}.AppStore|Any CPU.Build.0 = Release|x86
		{198AB506-D1D4-4FF7-B732-6772A408C866}.AppStore|Any CPU.Deploy.0 = Release|x86
		{198AB506-D1D4-4FF7-B732-6772A408C866}.AppStore|ARM.ActiveCfg = Release|ARM
		{198AB506-D1D4-4FF7-B732-6772A408C866}.AppStore|ARM.Build.0 = Release|ARM
		{198AB506-D1D4-4FF7-B732-6772A408C866}.AppStore|ARM.Deploy.0 = Release|ARM
		{198AB506-D1D4-4FF7-B732-6772A408C866}.AppStore|iPhone.ActiveCfg = Release|x86
		{198AB506-D1D4-4FF7-B732-6772A408C866}.AppStore|iPhone.Build.0 = Release|x86
		{198AB506-D1D4-4FF7-B732-6772A408C866}.AppStore|iPhone.Deploy.0 = Release|x86
		{198AB506-D1D4-4FF7-B732-6772A408C866}.AppStore|iPhoneSimulator.ActiveCfg = Release|x86
		{198AB506-D1D4-4FF7-B732-6772A408C866}.AppStore|iPhoneSimulator.Build.0 = Release|x86
		{198AB506-D1D4-4FF7-B732-6772A408C866}.AppStore|iPhoneSimulator.Deploy.0 = Release|x86
		{198AB506-D1D4-4FF7-B732-6772A408C866}.AppStore|x64.ActiveCfg = Release|x64
		{198AB506-D1D4-4FF7-B732-6772A408C866}.AppStore|x64.Build.0 = Release|x64
		{198AB506-D1D4-4FF7-B732-6772A408C866}.AppStore|x64.Deploy.0 = Release|x64
		{198AB506-D1D4-4FF7-B732-6772A408C866}.AppStore|x86.ActiveCfg = Release|x86
		{198AB506-D1D4-4FF7-B732-6772A408C866}.AppStore|x86.Build.0 = Release|x86
		{198AB506-D1D4-4FF7-B732-6772A408C866}.AppStore|x86.Deploy.0 = Release|x86
		{198AB506-D1D4-4FF7-B732-6772A408C866}.Debug|Any CPU.ActiveCfg = Debug|x86
		{198AB506-D1D4-4FF7-B732-6772A408C866}.Debug|ARM.ActiveCfg = Debug|ARM
		{198AB506-D1D4-4FF7-B732-6772A408C866}.Debug|ARM.Build.0 = Debug|ARM
		{198AB506-D1D4-4FF7-B732-6772A408C866}.Debug|ARM.Deploy.0 = Debug|ARM
		{198AB506-D1D4-4FF7-B732-6772A408C866}.Debug|iPhone.ActiveCfg = Debug|x86
		{198AB506-D1D4-4FF7-B732-6772A408C866}.Debug|iPhoneSimulator.ActiveCfg = Debug|x86
		{198AB506-D1D4-4FF7-B732-6772A408C866}.Debug|x64.ActiveCfg = Debug|x64
		{198AB506-D1D4-4FF7-B732-6772A408C866}.Debug|x64.Build.0 = Debug|x64
		{198AB506-D1D4-4FF7-B732-6772A408C866}.Debug|x64.Deploy.0 = Debug|x64
		{198AB506-D1D4-4FF7-B732-6772A408C866}.Debug|x86.ActiveCfg = Debug|x86
		{198AB506-D1D4-4FF7-B732-6772A408C866}.Debug|x86.Build.0 = Debug|x86
		{198AB506-D1D4-4FF7-B732-6772A408C866}.Debug|x86.Deploy.0 = Debug|x86
		{198AB506-D1D4-4FF7-B732-6772A408C866}.Release|Any CPU.ActiveCfg = Release|x86
		{198AB506-D1D4-4FF7-B732-6772A408C866}.Release|ARM.ActiveCfg = Release|ARM
		{198AB506-D1D4-4FF7-B732-6772A408C866}.Release|ARM.Build.0 = Release|ARM
		{198AB506-D1D4-4FF7-B732-6772A408C866}.Release|ARM.Deploy.0 = Release|ARM
		{198AB506-D1D4-4FF7-B732-6772A408C866}.Release|iPhone.ActiveCfg = Release|x86
		{198AB506-D1D4-4FF7-B732-6772A408C866}.Release|iPhoneSimulator.ActiveCfg = Release|x86
		{198AB506-D1D4-4FF7-B732-6772A408C866}.Release|x64.ActiveCfg = Release|x64
		{198AB506-D1D4-4FF7-B732-6772A408C866}.Release|x64.Build.0 = Release|x64
		{198AB506-D1D4-4FF7-B732-6772A408C866}.Release|x64.Deploy.0 = Release|x64
		{198AB506-D1D4-4FF7-B732-6772A408C866}.Release|x86.ActiveCfg = Release|x86
		{198AB506-D1D4-4FF7-B732-6772A408C866}.Release|x86.Build.0 = Release|x86
		{198AB506-D1D4-4FF7-B732-6772A408C866}.Release|x86.Deploy.0 = Release|x86
		{6F14138B-F5E3-4D8A-B258-9EB631288A13}.Ad-Hoc|Any CPU.ActiveCfg = Debug|Any CPU
		{6F14138B-F5E3-4D8A-B258-9EB631288A13}.Ad-Hoc|Any CPU.Build.0 = Debug|Any CPU
		{6F14138B-F5E3-4D8A-B258-9EB631288A13}.Ad-Hoc|ARM.ActiveCfg = Debug|Any CPU
		{6F14138B-F5E3-4D8A-B258-9EB631288A13}.Ad-Hoc|ARM.Build.0 = Debug|Any CPU
		{6F14138B-F5E3-4D8A-B258-9EB631288A13}.Ad-Hoc|iPhone.ActiveCfg = Debug|Any CPU
		{6F14138B-F5E3-4D8A-B258-9EB631288A13}.Ad-Hoc|iPhone.Build.0 = Debug|Any CPU
		{6F14138B-F5E3-4D8A-B258-9EB631288A13}.Ad-Hoc|iPhoneSimulator.ActiveCfg = Debug|Any CPU
		{6F14138B-F5E3-4D8A-B258-9EB631288A13}.Ad-Hoc|iPhoneSimulator.Build.0 = Debug|Any CPU
		{6F14138B-F5E3-4D8A-B258-9EB631288A13}.Ad-Hoc|x64.ActiveCfg = Debug|Any CPU
		{6F14138B-F5E3-4D8A-B258-9EB631288A13}.Ad-Hoc|x64.Build.0 = Debug|Any CPU
		{6F14138B-F5E3-4D8A-B258-9EB631288A13}.Ad-Hoc|x86.ActiveCfg = Debug|Any CPU
		{6F14138B-F5E3-4D8A-B258-9EB631288A13}.Ad-Hoc|x86.Build.0 = Debug|Any CPU
		{6F14138B-F5E3-4D8A-B258-9EB631288A13}.AppStore|Any CPU.ActiveCfg = Debug|Any CPU
		{6F14138B-F5E3-4D8A-B258-9EB631288A13}.AppStore|Any CPU.Build.0 = Debug|Any CPU
		{6F14138B-F5E3-4D8A-B258-9EB631288A13}.AppStore|ARM.ActiveCfg = Debug|Any CPU
		{6F14138B-F5E3-4D8A-B258-9EB631288A13}.AppStore|ARM.Build.0 = Debug|Any CPU
		{6F14138B-F5E3-4D8A-B258-9EB631288A13}.AppStore|iPhone.ActiveCfg = Debug|Any CPU
		{6F14138B-F5E3-4D8A-B258-9EB631288A13}.AppStore|iPhone.Build.0 = Debug|Any CPU
		{6F14138B-F5E3-4D8A-B258-9EB631288A13}.AppStore|iPhoneSimulator.ActiveCfg = Debug|Any CPU
		{6F14138B-F5E3-4D8A-B258-9EB631288A13}.AppStore|iPhoneSimulator.Build.0 = Debug|Any CPU
		{6F14138B-F5E3-4D8A-B258-9EB631288A13}.AppStore|x64.ActiveCfg = Debug|Any CPU
		{6F14138B-F5E3-4D8A-B258-9EB631288A13}.AppStore|x64.Build.0 = Debug|Any CPU
		{6F14138B-F5E3-4D8A-B258-9EB631288A13}.AppStore|x86.ActiveCfg = Debug|Any CPU
		{6F14138B-F5E3-4D8A-B258-9EB631288A13}.AppStore|x86.Build.0 = Debug|Any CPU
		{6F14138B-F5E3-4D8A-B258-9EB631288A13}.Debug|Any CPU.ActiveCfg = Debug|Any CPU
		{6F14138B-F5E3-4D8A-B258-9EB631288A13}.Debug|Any CPU.Build.0 = Debug|Any CPU
		{6F14138B-F5E3-4D8A-B258-9EB631288A13}.Debug|ARM.ActiveCfg = Debug|Any CPU
		{6F14138B-F5E3-4D8A-B258-9EB631288A13}.Debug|ARM.Build.0 = Debug|Any CPU
		{6F14138B-F5E3-4D8A-B258-9EB631288A13}.Debug|iPhone.ActiveCfg = Debug|Any CPU
		{6F14138B-F5E3-4D8A-B258-9EB631288A13}.Debug|iPhone.Build.0 = Debug|Any CPU
		{6F14138B-F5E3-4D8A-B258-9EB631288A13}.Debug|iPhoneSimulator.ActiveCfg = Debug|Any CPU
		{6F14138B-F5E3-4D8A-B258-9EB631288A13}.Debug|iPhoneSimulator.Build.0 = Debug|Any CPU
		{6F14138B-F5E3-4D8A-B258-9EB631288A13}.Debug|x64.ActiveCfg = Debug|Any CPU
		{6F14138B-F5E3-4D8A-B258-9EB631288A13}.Debug|x64.Build.0 = Debug|Any CPU
		{6F14138B-F5E3-4D8A-B258-9EB631288A13}.Debug|x86.ActiveCfg = Debug|Any CPU
		{6F14138B-F5E3-4D8A-B258-9EB631288A13}.Debug|x86.Build.0 = Debug|Any CPU
		{6F14138B-F5E3-4D8A-B258-9EB631288A13}.Release|Any CPU.ActiveCfg = Release|Any CPU
		{6F14138B-F5E3-4D8A-B258-9EB631288A13}.Release|Any CPU.Build.0 = Release|Any CPU
		{6F14138B-F5E3-4D8A-B258-9EB631288A13}.Release|ARM.ActiveCfg = Release|Any CPU
		{6F14138B-F5E3-4D8A-B258-9EB631288A13}.Release|ARM.Build.0 = Release|Any CPU
		{6F14138B-F5E3-4D8A-B258-9EB631288A13}.Release|iPhone.ActiveCfg = Release|Any CPU
		{6F14138B-F5E3-4D8A-B258-9EB631288A13}.Release|iPhone.Build.0 = Release|Any CPU
		{6F14138B-F5E3-4D8A-B258-9EB631288A13}.Release|iPhoneSimulator.ActiveCfg = Release|Any CPU
		{6F14138B-F5E3-4D8A-B258-9EB631288A13}.Release|iPhoneSimulator.Build.0 = Release|Any CPU
		{6F14138B-F5E3-4D8A-B258-9EB631288A13}.Release|x64.ActiveCfg = Release|Any CPU
		{6F14138B-F5E3-4D8A-B258-9EB631288A13}.Release|x64.Build.0 = Release|Any CPU
		{6F14138B-F5E3-4D8A-B258-9EB631288A13}.Release|x86.ActiveCfg = Release|Any CPU
		{6F14138B-F5E3-4D8A-B258-9EB631288A13}.Release|x86.Build.0 = Release|Any CPU
	EndGlobalSection
	GlobalSection(SolutionProperties) = preSolution
		HideSolutionNode = FALSE
	EndGlobalSection
	GlobalSection(ExtensibilityGlobals) = postSolution
		SolutionGuid = {D1FF94D9-8E0C-4752-A62C-32380DE1FC4C}
	EndGlobalSection
EndGlobal
